
Microsoft Visual Studio Solution File, Format Version 12.00
# Visual Studio 14
VisualStudioVersion = 14.0.25420.1
MinimumVisualStudioVersion = 10.0.40219.1
Project("{FAE04EC0-301F-11D3-BF4B-00C04F79EFBC}") = "TravelsApp", "TravelsApp\TravelsApp.csproj", "{000BDF18-F5D1-4F17-973A-3CB8225CDE6F}"
EndProject
Project("{FAE04EC0-301F-11D3-BF4B-00C04F79EFBC}") = "TravelsApp.DAL", "TravelsApp.DAL\TravelsApp.DAL.csproj", "{8E3047B2-55CD-4513-8F3D-E7300B3C4A42}"
EndProject
Project("{FAE04EC0-301F-11D3-BF4B-00C04F79EFBC}") = "TravelsApp.BLL", "TravelsApp.BLL\TravelsApp.BLL.csproj", "{989B2412-FD06-4BCE-8BE7-BC4EBAC0A753}"
EndProject
Global
	GlobalSection(SolutionConfigurationPlatforms) = preSolution
		Debug|Any CPU = Debug|Any CPU
		Release|Any CPU = Release|Any CPU
	EndGlobalSection
	GlobalSection(ProjectConfigurationPlatforms) = postSolution
		{000BDF18-F5D1-4F17-973A-3CB8225CDE6F}.Debug|Any CPU.ActiveCfg = Debug|Any CPU
		{000BDF18-F5D1-4F17-973A-3CB8225CDE6F}.Debug|Any CPU.Build.0 = Debug|Any CPU
		{000BDF18-F5D1-4F17-973A-3CB8225CDE6F}.Release|Any CPU.ActiveCfg = Release|Any CPU
		{000BDF18-F5D1-4F17-973A-3CB8225CDE6F}.Release|Any CPU.Build.0 = Release|Any CPU
		{8E3047B2-55CD-4513-8F3D-E7300B3C4A42}.Debug|Any CPU.ActiveCfg = Debug|Any CPU
		{8E3047B2-55CD-4513-8F3D-E7300B3C4A42}.Debug|Any CPU.Build.0 = Debug|Any CPU
		{8E3047B2-55CD-4513-8F3D-E7300B3C4A42}.Release|Any CPU.ActiveCfg = Release|Any CPU
		{8E3047B2-55CD-4513-8F3D-E7300B3C4A42}.Release|Any CPU.Build.0 = Release|Any CPU
		{989B2412-FD06-4BCE-8BE7-BC4EBAC0A753}.Debug|Any CPU.ActiveCfg = Debug|Any CPU
		{989B2412-FD06-4BCE-8BE7-BC4EBAC0A753}.Debug|Any CPU.Build.0 = Debug|Any CPU
		{989B2412-FD06-4BCE-8BE7-BC4EBAC0A753}.Release|Any CPU.ActiveCfg = Release|Any CPU
		{989B2412-FD06-4BCE-8BE7-BC4EBAC0A753}.Release|Any CPU.Build.0 = Release|Any CPU
	EndGlobalSection
	GlobalSection(SolutionProperties) = preSolution
		HideSolutionNode = FALSE
	EndGlobalSection
EndGlobal
